# This file is automatically @generated by Cargo.
# It is not intended for manual editing.
version = 4

[[package]]
name = "seryu"
version = "0.1.0"
dependencies = [
 "tcio",
]

[[package]]
name = "tcio"
version = "0.1.4"
source = "git+https://github.com/ariaandika/tcio#b2b2f111d33fa902a4e388638932d6a3d8e91e69"
